// !$*UTF8*$!
{
	archiveVersion = 1;
	classes = {
	};
	objectVersion = 48;
	objects = {

/* Begin PBXBuildFile section */
		AD1397C2224398750035B665 /* AppDelegate.swift in Sources */ = {isa = PBXBuildFile; fileRef = AD1397C1224398750035B665 /* AppDelegate.swift */; };
		AD1397C4224398750035B665 /* ViewController.swift in Sources */ = {isa = PBXBuildFile; fileRef = AD1397C3224398750035B665 /* ViewController.swift */; };
		AD1397C7224398750035B665 /* Main.storyboard in Resources */ = {isa = PBXBuildFile; fileRef = AD1397C5224398750035B665 /* Main.storyboard */; };
		AD1397C9224398750035B665 /* Assets.xcassets in Resources */ = {isa = PBXBuildFile; fileRef = AD1397C8224398750035B665 /* Assets.xcassets */; };
		AD1397CC224398750035B665 /* LaunchScreen.storyboard in Resources */ = {isa = PBXBuildFile; fileRef = AD1397CA224398750035B665 /* LaunchScreen.storyboard */; };
		AD1397D4224399420035B665 /* KotlinShared.framework in Frameworks */ = {isa = PBXBuildFile; fileRef = AD1397D3224399420035B665 /* KotlinShared.framework */; };
		AD1397D5224399420035B665 /* KotlinShared.framework in Embed Frameworks */ = {isa = PBXBuildFile; fileRef = AD1397D3224399420035B665 /* KotlinShared.framework */; settings = {ATTRIBUTES = (CodeSignOnCopy, RemoveHeadersOnCopy, ); }; };
/* End PBXBuildFile section */

/* Begin PBXCopyFilesBuildPhase section */
		AD1397D6224399420035B665 /* Embed Frameworks */ = {
			isa = PBXCopyFilesBuildPhase;
			buildActionMask = 2147483647;
			dstPath = "";
			dstSubfolderSpec = 10;
			files = (
				AD1397D5224399420035B665 /* KotlinShared.framework in Embed Frameworks */,
			);
			name = "Embed Frameworks";
			runOnlyForDeploymentPostprocessing = 0;
		};
/* End PBXCopyFilesBuildPhase section */

/* Begin PBXFileReference section */
		AD1397BE224398750035B665 /* SampleiOS.app */ = {isa = PBXFileReference; explicitFileType = wrapper.application; includeInIndex = 0; path = SampleiOS.app; sourceTree = BUILT_PRODUCTS_DIR; };
		AD1397C1224398750035B665 /* AppDelegate.swift */ = {isa = PBXFileReference; lastKnownFileType = sourcecode.swift; path = AppDelegate.swift; sourceTree = "<group>"; };
		AD1397C3224398750035B665 /* ViewController.swift */ = {isa = PBXFileReference; lastKnownFileType = sourcecode.swift; path = ViewController.swift; sourceTree = "<group>"; };
		AD1397C6224398750035B665 /* Base */ = {isa = PBXFileReference; lastKnownFileType = file.storyboard; name = Base; path = Base.lproj/Main.storyboard; sourceTree = "<group>"; };
		AD1397C8224398750035B665 /* Assets.xcassets */ = {isa = PBXFileReference; lastKnownFileType = folder.assetcatalog; path = Assets.xcassets; sourceTree = "<group>"; };
		AD1397CB224398750035B665 /* Base */ = {isa = PBXFileReference; lastKnownFileType = file.storyboard; name = Base; path = Base.lproj/LaunchScreen.storyboard; sourceTree = "<group>"; };
		AD1397CD224398750035B665 /* Info.plist */ = {isa = PBXFileReference; lastKnownFileType = text.plist.xml; path = Info.plist; sourceTree = "<group>"; };
		AD1397D3224399420035B665 /* KotlinShared.framework */ = {isa = PBXFileReference; lastKnownFileType = wrapper.framework; name = KotlinShared.framework; path = "../../sharedNative/build/xcode-frameworks/KotlinShared.framework"; sourceTree = "<group>"; };
		AD1397D7224399F60035B665 /* Config.xcconfig */ = {isa = PBXFileReference; lastKnownFileType = text.xcconfig; path = Config.xcconfig; sourceTree = "<group>"; };
/* End PBXFileReference section */

/* Begin PBXFrameworksBuildPhase section */
		AD1397BB224398750035B665 /* Frameworks */ = {
			isa = PBXFrameworksBuildPhase;
			buildActionMask = 2147483647;
			files = (
				AD1397D4224399420035B665 /* KotlinShared.framework in Frameworks */,
			);
			runOnlyForDeploymentPostprocessing = 0;
		};
/* End PBXFrameworksBuildPhase section */

/* Begin PBXGroup section */
		AD1397B5224398750035B665 = {
			isa = PBXGroup;
			children = (
				AD1397D3224399420035B665 /* KotlinShared.framework */,
				AD1397C0224398750035B665 /* SampleiOS */,
				AD1397BF224398750035B665 /* Products */,
			);
			sourceTree = "<group>";
		};
		AD1397BF224398750035B665 /* Products */ = {
			isa = PBXGroup;
			children = (
				AD1397BE224398750035B665 /* SampleiOS.app */,
			);
			name = Products;
			sourceTree = "<group>";
		};
		AD1397C0224398750035B665 /* SampleiOS */ = {
			isa = PBXGroup;
			children = (
				AD1397C1224398750035B665 /* AppDelegate.swift */,
				AD1397C3224398750035B665 /* ViewController.swift */,
				AD1397C5224398750035B665 /* Main.storyboard */,
				AD1397C8224398750035B665 /* Assets.xcassets */,
				AD1397CA224398750035B665 /* LaunchScreen.storyboard */,
				AD1397CD224398750035B665 /* Info.plist */,
				AD1397D7224399F60035B665 /* Config.xcconfig */,
			);
			path = SampleiOS;
			sourceTree = "<group>";
		};
/* End PBXGroup section */

/* Begin PBXNativeTarget section */
		AD1397BD224398750035B665 /* SampleiOS */ = {
			isa = PBXNativeTarget;
			buildConfigurationList = AD1397D0224398750035B665 /* Build configuration list for PBXNativeTarget "SampleiOS" */;
			buildPhases = (
				AD1397BA224398750035B665 /* Sources */,
				AD1397BB224398750035B665 /* Frameworks */,
				AD1397BC224398750035B665 /* Resources */,
				AD1397D6224399420035B665 /* Embed Frameworks */,
				AD82355922439FC3002FE27F /* Kotlin/Native */,
			);
			buildRules = (
			);
			dependencies = (
			);
			name = SampleiOS;
			productName = SampleiOS;
			productReference = AD1397BE224398750035B665 /* SampleiOS.app */;
			productType = "com.apple.product-type.application";
		};
/* End PBXNativeTarget section */

/* Begin PBXProject section */
		AD1397B6224398750035B665 /* Project object */ = {
			isa = PBXProject;
			attributes = {
				LastSwiftUpdateCheck = 0920;
				LastUpgradeCheck = 0920;
				ORGANIZATIONNAME = "Alexandre Ménielle";
				TargetAttributes = {
					AD1397BD224398750035B665 = {
						CreatedOnToolsVersion = 9.2;
						ProvisioningStyle = Automatic;
					};
				};
			};
			buildConfigurationList = AD1397B9224398750035B665 /* Build configuration list for PBXProject "SampleiOS" */;
			compatibilityVersion = "Xcode 8.0";
			developmentRegion = en;
			hasScannedForEncodings = 0;
			knownRegions = (
				en,
				Base,
			);
			mainGroup = AD1397B5224398750035B665;
			productRefGroup = AD1397BF224398750035B665 /* Products */;
			projectDirPath = "";
			projectRoot = "";
			targets = (
				AD1397BD224398750035B665 /* SampleiOS */,
			);
		};
/* End PBXProject section */

/* Begin PBXResourcesBuildPhase section */
		AD1397BC224398750035B665 /* Resources */ = {
			isa = PBXResourcesBuildPhase;
			buildActionMask = 2147483647;
			files = (
				AD1397CC224398750035B665 /* LaunchScreen.storyboard in Resources */,
				AD1397C9224398750035B665 /* Assets.xcassets in Resources */,
				AD1397C7224398750035B665 /* Main.storyboard in Resources */,
			);
			runOnlyForDeploymentPostprocessing = 0;
		};
/* End PBXResourcesBuildPhase section */

/* Begin PBXShellScriptBuildPhase section */
		AD82355922439FC3002FE27F /* Kotlin/Native */ = {
			isa = PBXShellScriptBuildPhase;
			buildActionMask = 2147483647;
			files = (
			);
			inputPaths = (
			);
			name = Kotlin/Native;
			outputPaths = (
			);
			runOnlyForDeploymentPostprocessing = 0;
			shellPath = /bin/sh;
			shellScript = "cd $SRCROOT/../../sharedNative/build/xcode-frameworks\n./gradlew :sharedNative:packForXCode -PXCODE_CONFIGURATION=${CONFIGURATION}";
		};
/* End PBXShellScriptBuildPhase section */

/* Begin PBXSourcesBuildPhase section */
		AD1397BA224398750035B665 /* Sources */ = {
			isa = PBXSourcesBuildPhase;
			buildActionMask = 2147483647;
			files = (
				AD1397C4224398750035B665 /* ViewController.swift in Sources */,
				AD1397C2224398750035B665 /* AppDelegate.swift in Sources */,
			);
			runOnlyForDeploymentPostprocessing = 0;
		};
/* End PBXSourcesBuildPhase section */

/* Begin PBXVariantGroup section */
		AD1397C5224398750035B665 /* Main.storyboard */ = {
			isa = PBXVariantGroup;
			children = (
				AD1397C6224398750035B665 /* Base */,
			);
			name = Main.storyboard;
			sourceTree = "<group>";
		};
		AD1397CA224398750035B665 /* LaunchScreen.storyboard */ = {
			isa = PBXVariantGroup;
			children = (
				AD1397CB224398750035B665 /* Base */,
			);
			name = LaunchScreen.storyboard;
			sourceTree = "<group>";
		};
/* End PBXVariantGroup section */

/* Begin XCBuildConfiguration section */
		AD1397CE224398750035B665 /* Debug */ = {
			isa = XCBuildConfiguration;
			buildSettings = {
				ALWAYS_SEARCH_USER_PATHS = NO;
				CLANG_ANALYZER_NONNULL = YES;
				CLANG_ANALYZER_NUMBER_OBJECT_CONVERSION = YES_AGGRESSIVE;
				CLANG_CXX_LANGUAGE_STANDARD = "gnu++14";
				CLANG_CXX_LIBRARY = "libc++";
				CLANG_ENABLE_MODULES = YES;
				CLANG_ENABLE_OBJC_ARC = YES;
				CLANG_WARN_BLOCK_CAPTURE_AUTORELEASING = YES;
				CLANG_WARN_BOOL_CONVERSION = YES;
				CLANG_WARN_COMMA = YES;
				CLANG_WARN_CONSTANT_CONVERSION = YES;
				CLANG_WARN_DIRECT_OBJC_ISA_USAGE = YES_ERROR;
				CLANG_WARN_DOCUMENTATION_COMMENTS = YES;
				CLANG_WARN_EMPTY_BODY = YES;
				CLANG_WARN_ENUM_CONVERSION = YES;
				CLANG_WARN_INFINITE_RECURSION = YES;
				CLANG_WARN_INT_CONVERSION = YES;
				CLANG_WARN_NON_LITERAL_NULL_CONVERSION = YES;
				CLANG_WARN_OBJC_LITERAL_CONVERSION = YES;
				CLANG_WARN_OBJC_ROOT_CLASS = YES_ERROR;
				CLANG_WARN_RANGE_LOOP_ANALYSIS = YES;
				CLANG_WARN_STRICT_PROTOTYPES = YES;
				CLANG_WARN_SUSPICIOUS_MOVE = YES;
				CLANG_WARN_UNGUARDED_AVAILABILITY = YES_AGGRESSIVE;
				CLANG_WARN_UNREACHABLE_CODE = YES;
				CLANG_WARN__DUPLICATE_METHOD_MATCH = YES;
				CODE_SIGN_IDENTITY = "iPhone Developer";
				COPY_PHASE_STRIP = NO;
				DEBUG_INFORMATION_FORMAT = dwarf;
				ENABLE_STRICT_OBJC_MSGSEND = YES;
				ENABLE_TESTABILITY = YES;
				GCC_C_LANGUAGE_STANDARD = gnu11;
				GCC_DYNAMIC_NO_PIC = NO;
				GCC_NO_COMMON_BLOCKS = YES;
				GCC_OPTIMIZATION_LEVEL = 0;
				GCC_PREPROCESSOR_DEFINITIONS = (
					"DEBUG=1",
					"$(inherited)",
				);
				GCC_WARN_64_TO_32_BIT_CONVERSION = YES;
				GCC_WARN_ABOUT_RETURN_TYPE = YES_ERROR;
				GCC_WARN_UNDECLARED_SELECTOR = YES;
				GCC_WARN_UNINITIALIZED_AUTOS = YES_AGGRESSIVE;
				GCC_WARN_UNUSED_FUNCTION = YES;
				GCC_WARN_UNUSED_VARIABLE = YES;
				IPHONEOS_DEPLOYMENT_TARGET = 11.2;
				MTL_ENABLE_DEBUG_INFO = YES;
				ONLY_ACTIVE_ARCH = YES;
				SDKROOT = iphoneos;
				SWIFT_ACTIVE_COMPILATION_CONDITIONS = DEBUG;
				SWIFT_OPTIMIZATION_LEVEL = "-Onone";
			};
			name = Debug;
		};
		AD1397CF224398750035B665 /* Release */ = {
			isa = XCBuildConfiguration;
			buildSettings = {
				ALWAYS_SEARCH_USER_PATHS = NO;
				CLANG_ANALYZER_NONNULL = YES;
				CLANG_ANALYZER_NUMBER_OBJECT_CONVERSION = YES_AGGRESSIVE;
				CLANG_CXX_LANGUAGE_STANDARD = "gnu++14";
				CLANG_CXX_LIBRARY = "libc++";
				CLANG_ENABLE_MODULES = YES;
				CLANG_ENABLE_OBJC_ARC = YES;
				CLANG_WARN_BLOCK_CAPTURE_AUTORELEASING = YES;
				CLANG_WARN_BOOL_CONVERSION = YES;
				CLANG_WARN_COMMA = YES;
				CLANG_WARN_CONSTANT_CONVERSION = YES;
				CLANG_WARN_DIRECT_OBJC_ISA_USAGE = YES_ERROR;
				CLANG_WARN_DOCUMENTATION_COMMENTS = YES;
				CLANG_WARN_EMPTY_BODY = YES;
				CLANG_WARN_ENUM_CONVERSION = YES;
				CLANG_WARN_INFINITE_RECURSION = YES;
				CLANG_WARN_INT_CONVERSION = YES;
				CLANG_WARN_NON_LITERAL_NULL_CONVERSION = YES;
				CLANG_WARN_OBJC_LITERAL_CONVERSION = YES;
				CLANG_WARN_OBJC_ROOT_CLASS = YES_ERROR;
				CLANG_WARN_RANGE_LOOP_ANALYSIS = YES;
				CLANG_WARN_STRICT_PROTOTYPES = YES;
				CLANG_WARN_SUSPICIOUS_MOVE = YES;
				CLANG_WARN_UNGUARDED_AVAILABILITY = YES_AGGRESSIVE;
				CLANG_WARN_UNREACHABLE_CODE = YES;
				CLANG_WARN__DUPLICATE_METHOD_MATCH = YES;
				CODE_SIGN_IDENTITY = "iPhone Developer";
				COPY_PHASE_STRIP = NO;
				DEBUG_INFORMATION_FORMAT = "dwarf-with-dsym";
				ENABLE_NS_ASSERTIONS = NO;
				ENABLE_STRICT_OBJC_MSGSEND = YES;
				GCC_C_LANGUAGE_STANDARD = gnu11;
				GCC_NO_COMMON_BLOCKS = YES;
				GCC_WARN_64_TO_32_BIT_CONVERSION = YES;
				GCC_WARN_ABOUT_RETURN_TYPE = YES_ERROR;
				GCC_WARN_UNDECLARED_SELECTOR = YES;
				GCC_WARN_UNINITIALIZED_AUTOS = YES_AGGRESSIVE;
				GCC_WARN_UNUSED_FUNCTION = YES;
				GCC_WARN_UNUSED_VARIABLE = YES;
				IPHONEOS_DEPLOYMENT_TARGET = 11.2;
				MTL_ENABLE_DEBUG_INFO = NO;
				SDKROOT = iphoneos;
				SWIFT_OPTIMIZATION_LEVEL = "-Owholemodule";
				VALIDATE_PRODUCT = YES;
			};
			name = Release;
		};
		AD1397D1224398750035B665 /* Debug */ = {
			isa = XCBuildConfiguration;
			baseConfigurationReference = AD1397D7224399F60035B665 /* Config.xcconfig */;
			buildSettings = {
				ASSETCATALOG_COMPILER_APPICON_NAME = AppIcon;
				CODE_SIGN_STYLE = Automatic;
				DEVELOPMENT_TEAM = 277BZ5KBNM;
				INFOPLIST_FILE = SampleiOS/Info.plist;
				LD_RUNPATH_SEARCH_PATHS = "$(inherited) @executable_path/Frameworks";
				PRODUCT_BUNDLE_IDENTIFIER = com.goot.SampleiOS;
				PRODUCT_NAME = "$(TARGET_NAME)";
				SWIFT_VERSION = 4.0;
				TARGETED_DEVICE_FAMILY = "1,2";
			};
			name = Debug;
		};
		AD1397D2224398750035B665 /* Release */ = {
			isa = XCBuildConfiguration;
			buildSettings = {
				ASSETCATALOG_COMPILER_APPICON_NAME = AppIcon;
				CODE_SIGN_STYLE = Automatic;
				DEVELOPMENT_TEAM = 277BZ5KBNM;
				INFOPLIST_FILE = SampleiOS/Info.plist;
				LD_RUNPATH_SEARCH_PATHS = "$(inherited) @executable_path/Frameworks";
				PRODUCT_BUNDLE_IDENTIFIER = com.goot.SampleiOS;
				PRODUCT_NAME = "$(TARGET_NAME)";
				SWIFT_VERSION = 4.0;
				TARGETED_DEVICE_FAMILY = "1,2";
			};
			name = Release;
		};
/* End XCBuildConfiguration section */

/* Begin XCConfigurationList section */
		AD1397B9224398750035B665 /* Build configuration list for PBXProject "SampleiOS" */ = {
			isa = XCConfigurationList;
			buildConfigurations = (
				AD1397CE224398750035B665 /* Debug */,
				AD1397CF224398750035B665 /* Release */,
			);
			defaultConfigurationIsVisible = 0;
			defaultConfigurationName = Release;
		};
		AD1397D0224398750035B665 /* Build configuration list for PBXNativeTarget "SampleiOS" */ = {
			isa = XCConfigurationList;
			buildConfigurations = (
				AD1397D1224398750035B665 /* Debug */,
				AD1397D2224398750035B665 /* Release */,
			);
			defaultConfigurationIsVisible = 0;
			defaultConfigurationName = Release;
		};
/* End XCConfigurationList section */
	};
	rootObject = AD1397B6224398750035B665 /* Project object */;
}
